// !$*UTF8*$!
{
	archiveVersion = 1;
	classes = {
	};
	objectVersion = 50;
	objects = {

/* Begin PBXBuildFile section */
		4ACDDF3B245638220069B38F /* CrashInAVAudioRecorderInit.framework in Frameworks */ = {isa = PBXBuildFile; fileRef = 4ACDDF31245638220069B38F /* CrashInAVAudioRecorderInit.framework */; };
		4ACDDF40245638220069B38F /* CrashInAVAudioRecorderInitTests.swift in Sources */ = {isa = PBXBuildFile; fileRef = 4ACDDF3F245638220069B38F /* CrashInAVAudioRecorderInitTests.swift */; };
		4ACDDF42245638220069B38F /* CrashInAVAudioRecorderInit.h in Headers */ = {isa = PBXBuildFile; fileRef = 4ACDDF34245638220069B38F /* CrashInAVAudioRecorderInit.h */; settings = {ATTRIBUTES = (Public, ); }; };
/* End PBXBuildFile section */

/* Begin PBXContainerItemProxy section */
		4ACDDF3C245638220069B38F /* PBXContainerItemProxy */ = {
			isa = PBXContainerItemProxy;
			containerPortal = 4ACDDF28245638220069B38F /* Project object */;
			proxyType = 1;
			remoteGlobalIDString = 4ACDDF30245638220069B38F;
			remoteInfo = CrashInAVAudioRecorderInit;
		};
/* End PBXContainerItemProxy section */

/* Begin PBXFileReference section */
		4ACDDF31245638220069B38F /* CrashInAVAudioRecorderInit.framework */ = {isa = PBXFileReference; explicitFileType = wrapper.framework; includeInIndex = 0; path = CrashInAVAudioRecorderInit.framework; sourceTree = BUILT_PRODUCTS_DIR; };
		4ACDDF34245638220069B38F /* CrashInAVAudioRecorderInit.h */ = {isa = PBXFileReference; lastKnownFileType = sourcecode.c.h; path = CrashInAVAudioRecorderInit.h; sourceTree = "<group>"; };
		4ACDDF35245638220069B38F /* Info.plist */ = {isa = PBXFileReference; lastKnownFileType = text.plist.xml; path = Info.plist; sourceTree = "<group>"; };
		4ACDDF3A245638220069B38F /* CrashInAVAudioRecorderInitTests.xctest */ = {isa = PBXFileReference; explicitFileType = wrapper.cfbundle; includeInIndex = 0; path = CrashInAVAudioRecorderInitTests.xctest; sourceTree = BUILT_PRODUCTS_DIR; };
		4ACDDF3F245638220069B38F /* CrashInAVAudioRecorderInitTests.swift */ = {isa = PBXFileReference; lastKnownFileType = sourcecode.swift; path = CrashInAVAudioRecorderInitTests.swift; sourceTree = "<group>"; };
		4ACDDF41245638220069B38F /* Info.plist */ = {isa = PBXFileReference; lastKnownFileType = text.plist.xml; path = Info.plist; sourceTree = "<group>"; };
/* End PBXFileReference section */

/* Begin PBXFrameworksBuildPhase section */
		4ACDDF2E245638220069B38F /* Frameworks */ = {
			isa = PBXFrameworksBuildPhase;
			buildActionMask = 2147483647;
			files = (
			);
			runOnlyForDeploymentPostprocessing = 0;
		};
		4ACDDF37245638220069B38F /* Frameworks */ = {
			isa = PBXFrameworksBuildPhase;
			buildActionMask = 2147483647;
			files = (
				4ACDDF3B245638220069B38F /* CrashInAVAudioRecorderInit.framework in Frameworks */,
			);
			runOnlyForDeploymentPostprocessing = 0;
		};
/* End PBXFrameworksBuildPhase section */

/* Begin PBXGroup section */
		4ACDDF27245638220069B38F = {
			isa = PBXGroup;
			children = (
				4ACDDF33245638220069B38F /* CrashInAVAudioRecorderInit */,
				4ACDDF3E245638220069B38F /* CrashInAVAudioRecorderInitTests */,
				4ACDDF32245638220069B38F /* Products */,
			);
			sourceTree = "<group>";
		};
		4ACDDF32245638220069B38F /* Products */ = {
			isa = PBXGroup;
			children = (
				4ACDDF31245638220069B38F /* CrashInAVAudioRecorderInit.framework */,
				4ACDDF3A245638220069B38F /* CrashInAVAudioRecorderInitTests.xctest */,
			);
			name = Products;
			sourceTree = "<group>";
		};
		4ACDDF33245638220069B38F /* CrashInAVAudioRecorderInit */ = {
			isa = PBXGroup;
			children = (
				4ACDDF34245638220069B38F /* CrashInAVAudioRecorderInit.h */,
				4ACDDF35245638220069B38F /* Info.plist */,
			);
			path = CrashInAVAudioRecorderInit;
			sourceTree = "<group>";
		};
		4ACDDF3E245638220069B38F /* CrashInAVAudioRecorderInitTests */ = {
			isa = PBXGroup;
			children = (
				4ACDDF3F245638220069B38F /* CrashInAVAudioRecorderInitTests.swift */,
				4ACDDF41245638220069B38F /* Info.plist */,
			);
			path = CrashInAVAudioRecorderInitTests;
			sourceTree = "<group>";
		};
/* End PBXGroup section */

/* Begin PBXHeadersBuildPhase section */
		4ACDDF2C245638220069B38F /* Headers */ = {
			isa = PBXHeadersBuildPhase;
			buildActionMask = 2147483647;
			files = (
				4ACDDF42245638220069B38F /* CrashInAVAudioRecorderInit.h in Headers */,
			);
			runOnlyForDeploymentPostprocessing = 0;
		};
/* End PBXHeadersBuildPhase section */

/* Begin PBXNativeTarget section */
		4ACDDF30245638220069B38F /* CrashInAVAudioRecorderInit */ = {
			isa = PBXNativeTarget;
			buildConfigurationList = 4ACDDF45245638220069B38F /* Build configuration list for PBXNativeTarget "CrashInAVAudioRecorderInit" */;
			buildPhases = (
				4ACDDF2C245638220069B38F /* Headers */,
				4ACDDF2D245638220069B38F /* Sources */,
				4ACDDF2E245638220069B38F /* Frameworks */,
				4ACDDF2F245638220069B38F /* Resources */,
			);
			buildRules = (
			);
			dependencies = (
			);
			name = CrashInAVAudioRecorderInit;
			productName = CrashInAVAudioRecorderInit;
			productReference = 4ACDDF31245638220069B38F /* CrashInAVAudioRecorderInit.framework */;
			productType = "com.apple.product-type.framework";
		};
		4ACDDF39245638220069B38F /* CrashInAVAudioRecorderInitTests */ = {
			isa = PBXNativeTarget;
			buildConfigurationList = 4ACDDF48245638220069B38F /* Build configuration list for PBXNativeTarget "CrashInAVAudioRecorderInitTests" */;
			buildPhases = (
				4ACDDF36245638220069B38F /* Sources */,
				4ACDDF37245638220069B38F /* Frameworks */,
				4ACDDF38245638220069B38F /* Resources */,
			);
			buildRules = (
			);
			dependencies = (
				4ACDDF3D245638220069B38F /* PBXTargetDependency */,
			);
			name = CrashInAVAudioRecorderInitTests;
			productName = CrashInAVAudioRecorderInitTests;
			productReference = 4ACDDF3A245638220069B38F /* CrashInAVAudioRecorderInitTests.xctest */;
			productType = "com.apple.product-type.bundle.unit-test";
		};
/* End PBXNativeTarget section */

/* Begin PBXProject section */
		4ACDDF28245638220069B38F /* Project object */ = {
			isa = PBXProject;
			attributes = {
				LastSwiftUpdateCheck = 1140;
				LastUpgradeCheck = 1140;
				ORGANIZATIONNAME = "Paul Zabelin";
				TargetAttributes = {
					4ACDDF30245638220069B38F = {
						CreatedOnToolsVersion = 11.4.1;
					};
					4ACDDF39245638220069B38F = {
						CreatedOnToolsVersion = 11.4.1;
					};
				};
			};
			buildConfigurationList = 4ACDDF2B245638220069B38F /* Build configuration list for PBXProject "CrashInAVAudioRecorderInit" */;
			compatibilityVersion = "Xcode 9.3";
			developmentRegion = en;
			hasScannedForEncodings = 0;
			knownRegions = (
				en,
				Base,
			);
			mainGroup = 4ACDDF27245638220069B38F;
			productRefGroup = 4ACDDF32245638220069B38F /* Products */;
			projectDirPath = "";
			projectRoot = "";
			targets = (
				4ACDDF30245638220069B38F /* CrashInAVAudioRecorderInit */,
				4ACDDF39245638220069B38F /* CrashInAVAudioRecorderInitTests */,
			);
		};
/* End PBXProject section */

/* Begin PBXResourcesBuildPhase section */
		4ACDDF2F245638220069B38F /* Resources */ = {
			isa = PBXResourcesBuildPhase;
			buildActionMask = 2147483647;
			files = (
			);
			runOnlyForDeploymentPostprocessing = 0;
		};
		4ACDDF38245638220069B38F /* Resources */ = {
			isa = PBXResourcesBuildPhase;
			buildActionMask = 2147483647;
			files = (
			);
			runOnlyForDeploymentPostprocessing = 0;
		};
/* End PBXResourcesBuildPhase section */

/* Begin PBXSourcesBuildPhase section */
		4ACDDF2D245638220069B38F /* Sources */ = {
			isa = PBXSourcesBuildPhase;
			buildActionMask = 2147483647;
			files = (
			);
			runOnlyForDeploymentPostprocessing = 0;
		};
		4ACDDF36245638220069B38F /* Sources */ = {
			isa = PBXSourcesBuildPhase;
			buildActionMask = 2147483647;
			files = (
				4ACDDF40245638220069B38F /* CrashInAVAudioRecorderInitTests.swift in Sources */,
			);
			runOnlyForDeploymentPostprocessing = 0;
		};
/* End PBXSourcesBuildPhase section */

/* Begin PBXTargetDependency section */
		4ACDDF3D245638220069B38F /* PBXTargetDependency */ = {
			isa = PBXTargetDependency;
			target = 4ACDDF30245638220069B38F /* CrashInAVAudioRecorderInit */;
			targetProxy = 4ACDDF3C245638220069B38F /* PBXContainerItemProxy */;
		};
/* End PBXTargetDependency section */

/* Begin XCBuildConfiguration section */
		4ACDDF43245638220069B38F /* Debug */ = {
			isa = XCBuildConfiguration;
			buildSettings = {
				ALWAYS_SEARCH_USER_PATHS = NO;
				CLANG_ANALYZER_NONNULL = YES;
				CLANG_ANALYZER_NUMBER_OBJECT_CONVERSION = YES_AGGRESSIVE;
				CLANG_CXX_LANGUAGE_STANDARD = "gnu++14";
				CLANG_CXX_LIBRARY = "libc++";
				CLANG_ENABLE_MODULES = YES;
				CLANG_ENABLE_OBJC_ARC = YES;
				CLANG_ENABLE_OBJC_WEAK = YES;
				CLANG_WARN_BLOCK_CAPTURE_AUTORELEASING = YES;
				CLANG_WARN_BOOL_CONVERSION = YES;
				CLANG_WARN_COMMA = YES;
				CLANG_WARN_CONSTANT_CONVERSION = YES;
				CLANG_WARN_DEPRECATED_OBJC_IMPLEMENTATIONS = YES;
				CLANG_WARN_DIRECT_OBJC_ISA_USAGE = YES_ERROR;
				CLANG_WARN_DOCUMENTATION_COMMENTS = YES;
				CLANG_WARN_EMPTY_BODY = YES;
				CLANG_WARN_ENUM_CONVERSION = YES;
				CLANG_WARN_INFINITE_RECURSION = YES;
				CLANG_WARN_INT_CONVERSION = YES;
				CLANG_WARN_NON_LITERAL_NULL_CONVERSION = YES;
				CLANG_WARN_OBJC_IMPLICIT_RETAIN_SELF = YES;
				CLANG_WARN_OBJC_LITERAL_CONVERSION = YES;
				CLANG_WARN_OBJC_ROOT_CLASS = YES_ERROR;
				CLANG_WARN_RANGE_LOOP_ANALYSIS = YES;
				CLANG_WARN_STRICT_PROTOTYPES = YES;
				CLANG_WARN_SUSPICIOUS_MOVE = YES;
				CLANG_WARN_UNGUARDED_AVAILABILITY = YES_AGGRESSIVE;
				CLANG_WARN_UNREACHABLE_CODE = YES;
				CLANG_WARN__DUPLICATE_METHOD_MATCH = YES;
				COPY_PHASE_STRIP = NO;
				CURRENT_PROJECT_VERSION = 1;
				DEBUG_INFORMATION_FORMAT = dwarf;
				ENABLE_STRICT_OBJC_MSGSEND = YES;
				ENABLE_TESTABILITY = YES;
				GCC_C_LANGUAGE_STANDARD = gnu11;
				GCC_DYNAMIC_NO_PIC = NO;
				GCC_NO_COMMON_BLOCKS = YES;
				GCC_OPTIMIZATION_LEVEL = 0;
				GCC_PREPROCESSOR_DEFINITIONS = (
					"DEBUG=1",
					"$(inherited)",
				);
				GCC_WARN_64_TO_32_BIT_CONVERSION = YES;
				GCC_WARN_ABOUT_RETURN_TYPE = YES_ERROR;
				GCC_WARN_UNDECLARED_SELECTOR = YES;
				GCC_WARN_UNINITIALIZED_AUTOS = YES_AGGRESSIVE;
				GCC_WARN_UNUSED_FUNCTION = YES;
				GCC_WARN_UNUSED_VARIABLE = YES;
				IPHONEOS_DEPLOYMENT_TARGET = 13.4;
				MTL_ENABLE_DEBUG_INFO = INCLUDE_SOURCE;
				MTL_FAST_MATH = YES;
				ONLY_ACTIVE_ARCH = YES;
				SDKROOT = iphoneos;
				SWIFT_ACTIVE_COMPILATION_CONDITIONS = DEBUG;
				SWIFT_OPTIMIZATION_LEVEL = "-Onone";
				VERSIONING_SYSTEM = "apple-generic";
				VERSION_INFO_PREFIX = "";
			};
			name = Debug;
		};
		4ACDDF44245638220069B38F /* Release */ = {
			isa = XCBuildConfiguration;
			buildSettings = {
				ALWAYS_SEARCH_USER_PATHS = NO;
				CLANG_ANALYZER_NONNULL = YES;
				CLANG_ANALYZER_NUMBER_OBJECT_CONVERSION = YES_AGGRESSIVE;
				CLANG_CXX_LANGUAGE_STANDARD = "gnu++14";
				CLANG_CXX_LIBRARY = "libc++";
				CLANG_ENABLE_MODULES = YES;
				CLANG_ENABLE_OBJC_ARC = YES;
				CLANG_ENABLE_OBJC_WEAK = YES;
				CLANG_WARN_BLOCK_CAPTURE_AUTORELEASING = YES;
				CLANG_WARN_BOOL_CONVERSION = YES;
				CLANG_WARN_COMMA = YES;
				CLANG_WARN_CONSTANT_CONVERSION = YES;
				CLANG_WARN_DEPRECATED_OBJC_IMPLEMENTATIONS = YES;
				CLANG_WARN_DIRECT_OBJC_ISA_USAGE = YES_ERROR;
				CLANG_WARN_DOCUMENTATION_COMMENTS = YES;
				CLANG_WARN_EMPTY_BODY = YES;
				CLANG_WARN_ENUM_CONVERSION = YES;
				CLANG_WARN_INFINITE_RECURSION = YES;
				CLANG_WARN_INT_CONVERSION = YES;
				CLANG_WARN_NON_LITERAL_NULL_CONVERSION = YES;
				CLANG_WARN_OBJC_IMPLICIT_RETAIN_SELF = YES;
				CLANG_WARN_OBJC_LITERAL_CONVERSION = YES;
				CLANG_WARN_OBJC_ROOT_CLASS = YES_ERROR;
				CLANG_WARN_RANGE_LOOP_ANALYSIS = YES;
				CLANG_WARN_STRICT_PROTOTYPES = YES;
				CLANG_WARN_SUSPICIOUS_MOVE = YES;
				CLANG_WARN_UNGUARDED_AVAILABILITY = YES_AGGRESSIVE;
				CLANG_WARN_UNREACHABLE_CODE = YES;
				CLANG_WARN__DUPLICATE_METHOD_MATCH = YES;
				COPY_PHASE_STRIP = NO;
				CURRENT_PROJECT_VERSION = 1;
				DEBUG_INFORMATION_FORMAT = "dwarf-with-dsym";
				ENABLE_NS_ASSERTIONS = NO;
				ENABLE_STRICT_OBJC_MSGSEND = YES;
				GCC_C_LANGUAGE_STANDARD = gnu11;
				GCC_NO_COMMON_BLOCKS = YES;
				GCC_WARN_64_TO_32_BIT_CONVERSION = YES;
				GCC_WARN_ABOUT_RETURN_TYPE = YES_ERROR;
				GCC_WARN_UNDECLARED_SELECTOR = YES;
				GCC_WARN_UNINITIALIZED_AUTOS = YES_AGGRESSIVE;
				GCC_WARN_UNUSED_FUNCTION = YES;
				GCC_WARN_UNUSED_VARIABLE = YES;
				IPHONEOS_DEPLOYMENT_TARGET = 13.4;
				MTL_ENABLE_DEBUG_INFO = NO;
				MTL_FAST_MATH = YES;
				SDKROOT = iphoneos;
				SWIFT_COMPILATION_MODE = wholemodule;
				SWIFT_OPTIMIZATION_LEVEL = "-O";
				VALIDATE_PRODUCT = YES;
				VERSIONING_SYSTEM = "apple-generic";
				VERSION_INFO_PREFIX = "";
			};
			name = Release;
		};
		4ACDDF46245638220069B38F /* Debug */ = {
			isa = XCBuildConfiguration;
			buildSettings = {
				CODE_SIGN_STYLE = Automatic;
				DEFINES_MODULE = YES;
				DYLIB_COMPATIBILITY_VERSION = 1;
				DYLIB_CURRENT_VERSION = 1;
				DYLIB_INSTALL_NAME_BASE = "@rpath";
				INFOPLIST_FILE = CrashInAVAudioRecorderInit/Info.plist;
				INSTALL_PATH = "$(LOCAL_LIBRARY_DIR)/Frameworks";
				LD_RUNPATH_SEARCH_PATHS = (
					"$(inherited)",
					"@executable_path/Frameworks",
					"@loader_path/Frameworks",
				);
				PRODUCT_BUNDLE_IDENTIFIER = org.github.paulz.CrashInAVAudioRecorderInit;
				PRODUCT_NAME = "$(TARGET_NAME:c99extidentifier)";
				SKIP_INSTALL = YES;
				SWIFT_VERSION = 5.0;
				TARGETED_DEVICE_FAMILY = "1,2";
			};
			name = Debug;
		};
		4ACDDF47245638220069B38F /* Release */ = {
			isa = XCBuildConfiguration;
			buildSettings = {
				CODE_SIGN_STYLE = Automatic;
				DEFINES_MODULE = YES;
				DYLIB_COMPATIBILITY_VERSION = 1;
				DYLIB_CURRENT_VERSION = 1;
				DYLIB_INSTALL_NAME_BASE = "@rpath";
				INFOPLIST_FILE = CrashInAVAudioRecorderInit/Info.plist;
				INSTALL_PATH = "$(LOCAL_LIBRARY_DIR)/Frameworks";
				LD_RUNPATH_SEARCH_PATHS = (
					"$(inherited)",
					"@executable_path/Frameworks",
					"@loader_path/Frameworks",
				);
				PRODUCT_BUNDLE_IDENTIFIER = org.github.paulz.CrashInAVAudioRecorderInit;
				PRODUCT_NAME = "$(TARGET_NAME:c99extidentifier)";
				SKIP_INSTALL = YES;
				SWIFT_VERSION = 5.0;
				TARGETED_DEVICE_FAMILY = "1,2";
			};
			name = Release;
		};
		4ACDDF49245638220069B38F /* Debug */ = {
			isa = XCBuildConfiguration;
			buildSettings = {
				CODE_SIGN_STYLE = Automatic;
				INFOPLIST_FILE = CrashInAVAudioRecorderInitTests/Info.plist;
				LD_RUNPATH_SEARCH_PATHS = (
					"$(inherited)",
					"@executable_path/Frameworks",
					"@loader_path/Frameworks",
				);
				PRODUCT_BUNDLE_IDENTIFIER = org.github.paulz.CrashInAVAudioRecorderInitTests;
				PRODUCT_NAME = "$(TARGET_NAME)";
				SWIFT_VERSION = 5.0;
				TARGETED_DEVICE_FAMILY = "1,2";
			};
			name = Debug;
		};
		4ACDDF4A245638220069B38F /* Release */ = {
			isa = XCBuildConfiguration;
			buildSettings = {
				CODE_SIGN_STYLE = Automatic;
				INFOPLIST_FILE = CrashInAVAudioRecorderInitTests/Info.plist;
				LD_RUNPATH_SEARCH_PATHS = (
					"$(inherited)",
					"@executable_path/Frameworks",
					"@loader_path/Frameworks",
				);
				PRODUCT_BUNDLE_IDENTIFIER = org.github.paulz.CrashInAVAudioRecorderInitTests;
				PRODUCT_NAME = "$(TARGET_NAME)";
				SWIFT_VERSION = 5.0;
				TARGETED_DEVICE_FAMILY = "1,2";
			};
			name = Release;
		};
/* End XCBuildConfiguration section */

/* Begin XCConfigurationList section */
		4ACDDF2B245638220069B38F /* Build configuration list for PBXProject "CrashInAVAudioRecorderInit" */ = {
			isa = XCConfigurationList;
			buildConfigurations = (
				4ACDDF43245638220069B38F /* Debug */,
				4ACDDF44245638220069B38F /* Release */,
			);
			defaultConfigurationIsVisible = 0;
			defaultConfigurationName = Release;
		};
		4ACDDF45245638220069B38F /* Build configuration list for PBXNativeTarget "CrashInAVAudioRecorderInit" */ = {
			isa = XCConfigurationList;
			buildConfigurations = (
				4ACDDF46245638220069B38F /* Debug */,
				4ACDDF47245638220069B38F /* Release */,
			);
			defaultConfigurationIsVisible = 0;
			defaultConfigurationName = Release;
		};
		4ACDDF48245638220069B38F /* Build configuration list for PBXNativeTarget "CrashInAVAudioRecorderInitTests" */ = {
			isa = XCConfigurationList;
			buildConfigurations = (
				4ACDDF49245638220069B38F /* Debug */,
				4ACDDF4A245638220069B38F /* Release */,
			);
			defaultConfigurationIsVisible = 0;
			defaultConfigurationName = Release;
		};
/* End XCConfigurationList section */
	};
	rootObject = 4ACDDF28245638220069B38F /* Project object */;
}
